{
  "nodes": {
    "haskellrc": {
      "inputs": {
        "nixpkgs": [
          "nixpkgs"
        ]
      },
      "locked": {
        "lastModified": 1654020151,
        "narHash": "sha256-tSxWy4R2weCNUaT4hUEKOieVnZaolElqwusmtSgq2D0=",
        "owner": "pjones",
        "repo": "haskellrc",
        "rev": "d6ba166eac8e1b1bc2c272326153ed137278983c",
        "type": "github"
      },
      "original": {
        "owner": "pjones",
        "repo": "haskellrc",
        "type": "github"
      }
    },
    "nixpkgs": {
      "locked": {
        "lastModified": 1676549890,
        "narHash": "sha256-sq/WcOEAl7gWrrfGkWdnyYazRyTf+enEim/o6LOQzI8=",
        "owner": "NixOS",
        "repo": "nixpkgs",
        "rev": "8c66bd1b68f4708c90dcc97c6f7052a5a7b33257",
        "type": "github"
      },
      "original": {
        "owner": "NixOS",
        "ref": "nixpkgs-unstable",
        "repo": "nixpkgs",
        "type": "github"
      }
    },
    "root": {
      "inputs": {
        "haskellrc": "haskellrc",
        "nixpkgs": "nixpkgs"
      }
    }
  },
  "root": "root",
  "version": 7
}
